
Microsoft Visual Studio Solution File, Format Version 12.00
# Visual Studio 15
VisualStudioVersion = 15.0.28010.2016
MinimumVisualStudioVersion = 10.0.40219.1
Project("{9A19103F-16F7-4668-BE54-9A1E7A4F7556}") = "ualr-air.web", "app\ualr-air.web\ualr-air.web.csproj", "{24B7A511-DF98-48AC-9BC7-04C19B19261E}"
EndProject
Project("{9A19103F-16F7-4668-BE54-9A1E7A4F7556}") = "ualr-air.core", "app\ualr-air.core\ualr-air.core.csproj", "{BE84B510-8A6D-4ACC-AFE9-FB28F4860D80}"
EndProject
Global
	GlobalSection(SolutionConfigurationPlatforms) = preSolution
		Debug|Any CPU = Debug|Any CPU
		Release|Any CPU = Release|Any CPU
	EndGlobalSection
	GlobalSection(ProjectConfigurationPlatforms) = postSolution
		{24B7A511-DF98-48AC-9BC7-04C19B19261E}.Debug|Any CPU.ActiveCfg = Debug|Any CPU
		{24B7A511-DF98-48AC-9BC7-04C19B19261E}.Debug|Any CPU.Build.0 = Debug|Any CPU
		{24B7A511-DF98-48AC-9BC7-04C19B19261E}.Release|Any CPU.ActiveCfg = Release|Any CPU
		{24B7A511-DF98-48AC-9BC7-04C19B19261E}.Release|Any CPU.Build.0 = Release|Any CPU
		{BE84B510-8A6D-4ACC-AFE9-FB28F4860D80}.Debug|Any CPU.ActiveCfg = Debug|Any CPU
		{BE84B510-8A6D-4ACC-AFE9-FB28F4860D80}.Debug|Any CPU.Build.0 = Debug|Any CPU
		{BE84B510-8A6D-4ACC-AFE9-FB28F4860D80}.Release|Any CPU.ActiveCfg = Release|Any CPU
		{BE84B510-8A6D-4ACC-AFE9-FB28F4860D80}.Release|Any CPU.Build.0 = Release|Any CPU
	EndGlobalSection
	GlobalSection(SolutionProperties) = preSolution
		HideSolutionNode = FALSE
	EndGlobalSection
	GlobalSection(ExtensibilityGlobals) = postSolution
		SolutionGuid = {52EC3A2D-F7C7-40C4-A3BA-96F7E9E1D333}
	EndGlobalSection
EndGlobal
